
Microsoft Visual Studio Solution File, Format Version 12.00
# Visual Studio Version 17
VisualStudioVersion = 17.3.32901.215
MinimumVisualStudioVersion = 10.0.40219.1
Project("{FAE04EC0-301F-11D3-BF4B-00C04F79EFBC}") = "P9_1214081", "P9_1214081\P9_1214081.csproj", "{6F85D8B5-3C60-4766-A5C5-A8EE27499829}"
EndProject
Global
	GlobalSection(SolutionConfigurationPlatforms) = preSolution
		Debug|Any CPU = Debug|Any CPU
		Release|Any CPU = Release|Any CPU
	EndGlobalSection
	GlobalSection(ProjectConfigurationPlatforms) = postSolution
		{6F85D8B5-3C60-4766-A5C5-A8EE27499829}.Debug|Any CPU.ActiveCfg = Debug|Any CPU
		{6F85D8B5-3C60-4766-A5C5-A8EE27499829}.Debug|Any CPU.Build.0 = Debug|Any CPU
		{6F85D8B5-3C60-4766-A5C5-A8EE27499829}.Release|Any CPU.ActiveCfg = Release|Any CPU
		{6F85D8B5-3C60-4766-A5C5-A8EE27499829}.Release|Any CPU.Build.0 = Release|Any CPU
	EndGlobalSection
	GlobalSection(SolutionProperties) = preSolution
		HideSolutionNode = FALSE
	EndGlobalSection
	GlobalSection(ExtensibilityGlobals) = postSolution
		SolutionGuid = {A58C7ABE-D389-45D7-BDBC-DDEC2A506001}
	EndGlobalSection
EndGlobal
